
Microsoft Visual Studio Solution File, Format Version 12.00
# Visual Studio 15
VisualStudioVersion = 15.0.27703.2000
MinimumVisualStudioVersion = 10.0.40219.1
Project("{FAE04EC0-301F-11D3-BF4B-00C04F79EFBC}") = "SomeClassLib", "SomeClassLib\SomeClassLib.csproj", "{089218AC-1302-4BDE-B187-49E22BBBA826}"
EndProject
Project("{FAE04EC0-301F-11D3-BF4B-00C04F79EFBC}") = "SomeLibTester", "SomeLibTester\SomeLibTester.csproj", "{BD6B493D-FEEB-4E9F-9DFE-ADFED8DAC0B0}"
EndProject
Global
	GlobalSection(SolutionConfigurationPlatforms) = preSolution
		Debug|Any CPU = Debug|Any CPU
		Release|Any CPU = Release|Any CPU
	EndGlobalSection
	GlobalSection(ProjectConfigurationPlatforms) = postSolution
		{089218AC-1302-4BDE-B187-49E22BBBA826}.Debug|Any CPU.ActiveCfg = Debug|Any CPU
		{089218AC-1302-4BDE-B187-49E22BBBA826}.Debug|Any CPU.Build.0 = Debug|Any CPU
		{089218AC-1302-4BDE-B187-49E22BBBA826}.Release|Any CPU.ActiveCfg = Release|Any CPU
		{089218AC-1302-4BDE-B187-49E22BBBA826}.Release|Any CPU.Build.0 = Release|Any CPU
		{BD6B493D-FEEB-4E9F-9DFE-ADFED8DAC0B0}.Debug|Any CPU.ActiveCfg = Debug|Any CPU
		{BD6B493D-FEEB-4E9F-9DFE-ADFED8DAC0B0}.Debug|Any CPU.Build.0 = Debug|Any CPU
		{BD6B493D-FEEB-4E9F-9DFE-ADFED8DAC0B0}.Release|Any CPU.ActiveCfg = Release|Any CPU
		{BD6B493D-FEEB-4E9F-9DFE-ADFED8DAC0B0}.Release|Any CPU.Build.0 = Release|Any CPU
	EndGlobalSection
	GlobalSection(SolutionProperties) = preSolution
		HideSolutionNode = FALSE
	EndGlobalSection
	GlobalSection(ExtensibilityGlobals) = postSolution
		SolutionGuid = {71F41F0A-FE66-4E54-AF18-DDFC78AAFC4B}
	EndGlobalSection
EndGlobal
